<?xml version="1.0" encoding="utf-8"?>
<Project ToolsVersion="4.0" xmlns="http://schemas.microsoft.com/developer/msbuild/2003">
  <ItemGroup>
    <Filter Include="Homework">
      <UniqueIdentifier>{2cea5b8a-dac8-4ca1-9f23-de14259e5c3a}</UniqueIdentifier>
      <Extensions>cpp;c;cc;cxx;c++;cppm;ixx;def;odl;idl;hpj;bat;asm;asmx;h;hh;hpp;hxx;h++;hm;inl;inc;ipp;xsd</Extensions>
    </Filter>
  </ItemGroup>
  <ItemGroup>
    <ClCompile Include="hw03.1.utilize_operator.cpp">
      <Filter>Homework</Filter>
    </ClCompile>
    <ClCompile Include="hw03.3.challenge_stars_diamond.cpp">
      <Filter>Homework</Filter>
    </ClCompile>
    <ClCompile Include="hw01.favourite_character.cpp">
      <Filter>Homework</Filter>
    </ClCompile>
    <ClCompile Include="hw04.1.rock_paper_scissors.cpp">
      <Filter>Homework</Filter>
    </ClCompile>
    <ClCompile Include="hw04.2.practice_while_loope.cpp">
      <Filter>Homework</Filter>
    </ClCompile>
    <ClCompile Include="hw04.3.find_day_with_month.cpp">
      <Filter>Homework</Filter>
    </ClCompile>
    <ClCompile Include="hw04.challenge_rock_paper_scissors.cpp">
      <Filter>Homework</Filter>
    </ClCompile>
    <ClCompile Include="hw03.2.stars.cpp">
      <Filter>Homework</Filter>
    </ClCompile>
    <ClCompile Include="hw05.1.rock_paper_scissors_batting.cpp">
      <Filter>Homework</Filter>
    </ClCompile>
    <ClCompile Include="hw05.2.number_baseball.cpp">
      <Filter>Homework</Filter>
    </ClCompile>
    <ClCompile Include="hw.main.cpp">
      <Filter>Homework</Filter>
    </ClCompile>
  </ItemGroup>
</Project>